
Microsoft Visual Studio Solution File, Format Version 12.00
# Visual Studio Version 17
VisualStudioVersion = 17.6.33712.159
MinimumVisualStudioVersion = 10.0.40219.1
Project("{2150E333-8FDC-42A3-9474-1A3956D46DE8}") = "1. Presentation Layer", "1. Presentation Layer", "{8E6A7E15-3DB8-457D-8077-1F125AB69DB0}"
EndProject
Project("{2150E333-8FDC-42A3-9474-1A3956D46DE8}") = "2. Bussiness Layer", "2. Bussiness Layer", "{4B0DAEC1-2A1C-4BC7-B774-F7BEFF48E190}"
EndProject
Project("{2150E333-8FDC-42A3-9474-1A3956D46DE8}") = "3. Data Layer", "3. Data Layer", "{6F2CF173-56D5-403D-80B8-AF797F8C4D58}"
EndProject
Project("{9A19103F-16F7-4668-BE54-9A1E7A4F7556}") = "DataAccess", "DataAccess\DataAccess.csproj", "{E2EEC595-1276-450B-B650-3DF047DA8C95}"
EndProject
Project("{9A19103F-16F7-4668-BE54-9A1E7A4F7556}") = "BussinessObject", "BussinessObject\BussinessObject.csproj", "{554C2799-A294-4E8C-AD32-2168D09710C1}"
EndProject
Project("{9A19103F-16F7-4668-BE54-9A1E7A4F7556}") = "SalesWPFApp", "SalesWPFApp\SalesWPFApp.csproj", "{7C5D8087-CAC4-49C7-8BEB-8DF83A4D768A}"
EndProject
Global
	GlobalSection(SolutionConfigurationPlatforms) = preSolution
		Debug|Any CPU = Debug|Any CPU
		Release|Any CPU = Release|Any CPU
	EndGlobalSection
	GlobalSection(ProjectConfigurationPlatforms) = postSolution
		{E2EEC595-1276-450B-B650-3DF047DA8C95}.Debug|Any CPU.ActiveCfg = Debug|Any CPU
		{E2EEC595-1276-450B-B650-3DF047DA8C95}.Debug|Any CPU.Build.0 = Debug|Any CPU
		{E2EEC595-1276-450B-B650-3DF047DA8C95}.Release|Any CPU.ActiveCfg = Release|Any CPU
		{E2EEC595-1276-450B-B650-3DF047DA8C95}.Release|Any CPU.Build.0 = Release|Any CPU
		{554C2799-A294-4E8C-AD32-2168D09710C1}.Debug|Any CPU.ActiveCfg = Debug|Any CPU
		{554C2799-A294-4E8C-AD32-2168D09710C1}.Debug|Any CPU.Build.0 = Debug|Any CPU
		{554C2799-A294-4E8C-AD32-2168D09710C1}.Release|Any CPU.ActiveCfg = Release|Any CPU
		{554C2799-A294-4E8C-AD32-2168D09710C1}.Release|Any CPU.Build.0 = Release|Any CPU
		{7C5D8087-CAC4-49C7-8BEB-8DF83A4D768A}.Debug|Any CPU.ActiveCfg = Debug|Any CPU
		{7C5D8087-CAC4-49C7-8BEB-8DF83A4D768A}.Debug|Any CPU.Build.0 = Debug|Any CPU
		{7C5D8087-CAC4-49C7-8BEB-8DF83A4D768A}.Release|Any CPU.ActiveCfg = Release|Any CPU
		{7C5D8087-CAC4-49C7-8BEB-8DF83A4D768A}.Release|Any CPU.Build.0 = Release|Any CPU
	EndGlobalSection
	GlobalSection(SolutionProperties) = preSolution
		HideSolutionNode = FALSE
	EndGlobalSection
	GlobalSection(NestedProjects) = preSolution
		{E2EEC595-1276-450B-B650-3DF047DA8C95} = {6F2CF173-56D5-403D-80B8-AF797F8C4D58}
		{554C2799-A294-4E8C-AD32-2168D09710C1} = {4B0DAEC1-2A1C-4BC7-B774-F7BEFF48E190}
		{7C5D8087-CAC4-49C7-8BEB-8DF83A4D768A} = {8E6A7E15-3DB8-457D-8077-1F125AB69DB0}
	EndGlobalSection
	GlobalSection(ExtensibilityGlobals) = postSolution
		SolutionGuid = {EDE0C412-4B8E-4480-A5DD-83CD5399A52E}
	EndGlobalSection
EndGlobal
